
Microsoft Visual Studio Solution File, Format Version 12.00
# Visual Studio Version 17
VisualStudioVersion = 17.3.32929.385
MinimumVisualStudioVersion = 10.0.40219.1
Project("{FAE04EC0-301F-11D3-BF4B-00C04F79EFBC}") = "Projet1", "Projet1\Projet1.csproj", "{D8985C4F-6DC5-47BD-92E6-54BD5A683EAF}"
EndProject
Global
	GlobalSection(SolutionConfigurationPlatforms) = preSolution
		Debug|Any CPU = Debug|Any CPU
		Release|Any CPU = Release|Any CPU
	EndGlobalSection
	GlobalSection(ProjectConfigurationPlatforms) = postSolution
		{D8985C4F-6DC5-47BD-92E6-54BD5A683EAF}.Debug|Any CPU.ActiveCfg = Debug|Any CPU
		{D8985C4F-6DC5-47BD-92E6-54BD5A683EAF}.Debug|Any CPU.Build.0 = Debug|Any CPU
		{D8985C4F-6DC5-47BD-92E6-54BD5A683EAF}.Release|Any CPU.ActiveCfg = Release|Any CPU
		{D8985C4F-6DC5-47BD-92E6-54BD5A683EAF}.Release|Any CPU.Build.0 = Release|Any CPU
	EndGlobalSection
	GlobalSection(SolutionProperties) = preSolution
		HideSolutionNode = FALSE
	EndGlobalSection
	GlobalSection(ExtensibilityGlobals) = postSolution
		SolutionGuid = {83644C14-856B-4067-B2FB-493560B49CF7}
	EndGlobalSection
EndGlobal
